
Microsoft Visual Studio Solution File, Format Version 12.00
# Visual Studio Version 16
VisualStudioVersion = 16.0.30709.132
MinimumVisualStudioVersion = 10.0.40219.1
Project("{8BC9CEB8-8B4A-11D0-8D11-00A0C91BC942}") = "1", "1\1.vcxproj", "{AB640544-6FCF-4F87-9024-019BEBE41D22}"
EndProject
Project("{8BC9CEB8-8B4A-11D0-8D11-00A0C91BC942}") = "2", "2\2.vcxproj", "{31770183-FE02-483E-A9A2-A8075921F828}"
EndProject
Project("{8BC9CEB8-8B4A-11D0-8D11-00A0C91BC942}") = "shared", "shared\shared.vcxproj", "{7F4DF2E0-A6B0-4611-AFAB-0D04EC9C607F}"
EndProject
Project("{8BC9CEB8-8B4A-11D0-8D11-00A0C91BC942}") = "3", "3\3.vcxproj", "{71040A20-16D6-4E39-96D2-2029EC70FB6C}"
EndProject
Project("{8BC9CEB8-8B4A-11D0-8D11-00A0C91BC942}") = "4", "4\4.vcxproj", "{2F26370A-2D00-4449-AF69-C0C993AAA4CF}"
EndProject
Project("{8BC9CEB8-8B4A-11D0-8D11-00A0C91BC942}") = "5", "5\5.vcxproj", "{1B11DAB1-5467-45D4-AC25-A7A5A976CF9C}"
EndProject
Global
	GlobalSection(SolutionConfigurationPlatforms) = preSolution
		Debug|x64 = Debug|x64
		Debug|x86 = Debug|x86
		Release|x64 = Release|x64
		Release|x86 = Release|x86
	EndGlobalSection
	GlobalSection(ProjectConfigurationPlatforms) = postSolution
		{AB640544-6FCF-4F87-9024-019BEBE41D22}.Debug|x64.ActiveCfg = Debug|x64
		{AB640544-6FCF-4F87-9024-019BEBE41D22}.Debug|x64.Build.0 = Debug|x64
		{AB640544-6FCF-4F87-9024-019BEBE41D22}.Debug|x86.ActiveCfg = Debug|Win32
		{AB640544-6FCF-4F87-9024-019BEBE41D22}.Debug|x86.Build.0 = Debug|Win32
		{AB640544-6FCF-4F87-9024-019BEBE41D22}.Release|x64.ActiveCfg = Release|x64
		{AB640544-6FCF-4F87-9024-019BEBE41D22}.Release|x64.Build.0 = Release|x64
		{AB640544-6FCF-4F87-9024-019BEBE41D22}.Release|x86.ActiveCfg = Release|Win32
		{AB640544-6FCF-4F87-9024-019BEBE41D22}.Release|x86.Build.0 = Release|Win32
		{31770183-FE02-483E-A9A2-A8075921F828}.Debug|x64.ActiveCfg = Debug|x64
		{31770183-FE02-483E-A9A2-A8075921F828}.Debug|x64.Build.0 = Debug|x64
		{31770183-FE02-483E-A9A2-A8075921F828}.Debug|x86.ActiveCfg = Debug|Win32
		{31770183-FE02-483E-A9A2-A8075921F828}.Debug|x86.Build.0 = Debug|Win32
		{31770183-FE02-483E-A9A2-A8075921F828}.Release|x64.ActiveCfg = Release|x64
		{31770183-FE02-483E-A9A2-A8075921F828}.Release|x64.Build.0 = Release|x64
		{31770183-FE02-483E-A9A2-A8075921F828}.Release|x86.ActiveCfg = Release|Win32
		{31770183-FE02-483E-A9A2-A8075921F828}.Release|x86.Build.0 = Release|Win32
		{7F4DF2E0-A6B0-4611-AFAB-0D04EC9C607F}.Debug|x64.ActiveCfg = Debug|x64
		{7F4DF2E0-A6B0-4611-AFAB-0D04EC9C607F}.Debug|x64.Build.0 = Debug|x64
		{7F4DF2E0-A6B0-4611-AFAB-0D04EC9C607F}.Debug|x86.ActiveCfg = Debug|Win32
		{7F4DF2E0-A6B0-4611-AFAB-0D04EC9C607F}.Debug|x86.Build.0 = Debug|Win32
		{7F4DF2E0-A6B0-4611-AFAB-0D04EC9C607F}.Release|x64.ActiveCfg = Release|x64
		{7F4DF2E0-A6B0-4611-AFAB-0D04EC9C607F}.Release|x64.Build.0 = Release|x64
		{7F4DF2E0-A6B0-4611-AFAB-0D04EC9C607F}.Release|x86.ActiveCfg = Release|Win32
		{7F4DF2E0-A6B0-4611-AFAB-0D04EC9C607F}.Release|x86.Build.0 = Release|Win32
		{71040A20-16D6-4E39-96D2-2029EC70FB6C}.Debug|x64.ActiveCfg = Debug|x64
		{71040A20-16D6-4E39-96D2-2029EC70FB6C}.Debug|x64.Build.0 = Debug|x64
		{71040A20-16D6-4E39-96D2-2029EC70FB6C}.Debug|x86.ActiveCfg = Debug|Win32
		{71040A20-16D6-4E39-96D2-2029EC70FB6C}.Debug|x86.Build.0 = Debug|Win32
		{71040A20-16D6-4E39-96D2-2029EC70FB6C}.Release|x64.ActiveCfg = Release|x64
		{71040A20-16D6-4E39-96D2-2029EC70FB6C}.Release|x64.Build.0 = Release|x64
		{71040A20-16D6-4E39-96D2-2029EC70FB6C}.Release|x86.ActiveCfg = Release|Win32
		{71040A20-16D6-4E39-96D2-2029EC70FB6C}.Release|x86.Build.0 = Release|Win32
		{2F26370A-2D00-4449-AF69-C0C993AAA4CF}.Debug|x64.ActiveCfg = Debug|x64
		{2F26370A-2D00-4449-AF69-C0C993AAA4CF}.Debug|x64.Build.0 = Debug|x64
		{2F26370A-2D00-4449-AF69-C0C993AAA4CF}.Debug|x86.ActiveCfg = Debug|Win32
		{2F26370A-2D00-4449-AF69-C0C993AAA4CF}.Debug|x86.Build.0 = Debug|Win32
		{2F26370A-2D00-4449-AF69-C0C993AAA4CF}.Release|x64.ActiveCfg = Release|x64
		{2F26370A-2D00-4449-AF69-C0C993AAA4CF}.Release|x64.Build.0 = Release|x64
		{2F26370A-2D00-4449-AF69-C0C993AAA4CF}.Release|x86.ActiveCfg = Release|Win32
		{2F26370A-2D00-4449-AF69-C0C993AAA4CF}.Release|x86.Build.0 = Release|Win32
		{1B11DAB1-5467-45D4-AC25-A7A5A976CF9C}.Debug|x64.ActiveCfg = Debug|x64
		{1B11DAB1-5467-45D4-AC25-A7A5A976CF9C}.Debug|x64.Build.0 = Debug|x64
		{1B11DAB1-5467-45D4-AC25-A7A5A976CF9C}.Debug|x86.ActiveCfg = Debug|Win32
		{1B11DAB1-5467-45D4-AC25-A7A5A976CF9C}.Debug|x86.Build.0 = Debug|Win32
		{1B11DAB1-5467-45D4-AC25-A7A5A976CF9C}.Release|x64.ActiveCfg = Release|x64
		{1B11DAB1-5467-45D4-AC25-A7A5A976CF9C}.Release|x64.Build.0 = Release|x64
		{1B11DAB1-5467-45D4-AC25-A7A5A976CF9C}.Release|x86.ActiveCfg = Release|Win32
		{1B11DAB1-5467-45D4-AC25-A7A5A976CF9C}.Release|x86.Build.0 = Release|Win32
	EndGlobalSection
	GlobalSection(SolutionProperties) = preSolution
		HideSolutionNode = FALSE
	EndGlobalSection
	GlobalSection(ExtensibilityGlobals) = postSolution
		SolutionGuid = {18806692-55DC-4B2C-B099-90346527982C}
	EndGlobalSection
EndGlobal
