
Microsoft Visual Studio Solution File, Format Version 12.00
# Visual Studio Version 16
VisualStudioVersion = 16.0.30709.132
MinimumVisualStudioVersion = 10.0.40219.1
Project("{8BC9CEB8-8B4A-11D0-8D11-00A0C91BC942}") = "1", "1\1.vcxproj", "{AB640544-6FCF-4F87-9024-019BEBE41D22}"
EndProject
Project("{8BC9CEB8-8B4A-11D0-8D11-00A0C91BC942}") = "2", "2\2.vcxproj", "{31770183-FE02-483E-A9A2-A8075921F828}"
EndProject
Project("{8BC9CEB8-8B4A-11D0-8D11-00A0C91BC942}") = "shared", "shared\shared.vcxproj", "{7F4DF2E0-A6B0-4611-AFAB-0D04EC9C607F}"
EndProject
Project("{8BC9CEB8-8B4A-11D0-8D11-00A0C91BC942}") = "3", "3\3.vcxproj", "{71040A20-16D6-4E39-96D2-2029EC70FB6C}"
EndProject
Project("{8BC9CEB8-8B4A-11D0-8D11-00A0C91BC942}") = "4", "4\4.vcxproj", "{2F26370A-2D00-4449-AF69-C0C993AAA4CF}"
EndProject
Project("{8BC9CEB8-8B4A-11D0-8D11-00A0C91BC942}") = "5", "5\5.vcxproj", "{1B11DAB1-5467-45D4-AC25-A7A5A976CF9C}"
EndProject
Project("{8BC9CEB8-8B4A-11D0-8D11-00A0C91BC942}") = "6", "6\6.vcxproj", "{F226B81D-21CA-43F5-9BA9-4682F080CCBC}"
EndProject
Project("{8BC9CEB8-8B4A-11D0-8D11-00A0C91BC942}") = "7", "7\7.vcxproj", "{B7F8CBD9-918B-4CD3-AB31-D2423D6C045A}"
EndProject
Project("{8BC9CEB8-8B4A-11D0-8D11-00A0C91BC942}") = "8", "8\8.vcxproj", "{40F7BC8B-B650-4AC6-9EC2-B7502106F4CE}"
EndProject
Project("{8BC9CEB8-8B4A-11D0-8D11-00A0C91BC942}") = "9", "9\9.vcxproj", "{94F0C560-BBBC-40AD-B5FE-394E2B52D386}"
EndProject
Project("{8BC9CEB8-8B4A-11D0-8D11-00A0C91BC942}") = "10", "10\10.vcxproj", "{0593B755-5D03-4F23-AB89-204BE403A936}"
EndProject
Project("{8BC9CEB8-8B4A-11D0-8D11-00A0C91BC942}") = "11", "11\11.vcxproj", "{112050CD-E664-4513-B770-05E880E98CAC}"
EndProject
Project("{8BC9CEB8-8B4A-11D0-8D11-00A0C91BC942}") = "12", "12\12.vcxproj", "{0C87A468-A6C8-4214-A54F-E3CAE5D90E2D}"
EndProject
Project("{8BC9CEB8-8B4A-11D0-8D11-00A0C91BC942}") = "13", "13\13.vcxproj", "{86321A4E-7346-4C8B-A953-585636BBBAAF}"
EndProject
Project("{8BC9CEB8-8B4A-11D0-8D11-00A0C91BC942}") = "14", "14\14.vcxproj", "{D3994479-14AC-4660-8A4C-BC06A27E20F4}"
EndProject
Project("{2150E333-8FDC-42A3-9474-1A3956D46DE8}") = "Solution Items", "Solution Items", "{F30FEC1E-2916-4A60-89E6-EFF8A75BDA3A}"
EndProject
Project("{8BC9CEB8-8B4A-11D0-8D11-00A0C91BC942}") = "16", "16\16.vcxproj", "{40A77A94-01A6-4CDC-89F9-D71C667F1CB6}"
EndProject
Project("{8BC9CEB8-8B4A-11D0-8D11-00A0C91BC942}") = "15", "15\15.vcxproj", "{86D7CDC5-95B7-4ECE-8808-30F16D75A83B}"
EndProject
Project("{8BC9CEB8-8B4A-11D0-8D11-00A0C91BC942}") = "17", "17\17.vcxproj", "{CBC1FBD0-C0AF-41ED-A34A-0721992B8AA4}"
EndProject
Project("{8BC9CEB8-8B4A-11D0-8D11-00A0C91BC942}") = "18", "18\18.vcxproj", "{CF9EA1E7-DC47-4E3A-9260-C77D3319C1B2}"
EndProject
Project("{8BC9CEB8-8B4A-11D0-8D11-00A0C91BC942}") = "19", "19\19.vcxproj", "{31EEE104-FC97-4CDF-A360-066FFC12934D}"
EndProject
Global
	GlobalSection(SolutionConfigurationPlatforms) = preSolution
		Debug|x64 = Debug|x64
		Debug|x86 = Debug|x86
		Release|x64 = Release|x64
		Release|x86 = Release|x86
	EndGlobalSection
	GlobalSection(ProjectConfigurationPlatforms) = postSolution
		{AB640544-6FCF-4F87-9024-019BEBE41D22}.Debug|x64.ActiveCfg = Debug|x64
		{AB640544-6FCF-4F87-9024-019BEBE41D22}.Debug|x64.Build.0 = Debug|x64
		{AB640544-6FCF-4F87-9024-019BEBE41D22}.Debug|x86.ActiveCfg = Debug|Win32
		{AB640544-6FCF-4F87-9024-019BEBE41D22}.Debug|x86.Build.0 = Debug|Win32
		{AB640544-6FCF-4F87-9024-019BEBE41D22}.Release|x64.ActiveCfg = Release|x64
		{AB640544-6FCF-4F87-9024-019BEBE41D22}.Release|x64.Build.0 = Release|x64
		{AB640544-6FCF-4F87-9024-019BEBE41D22}.Release|x86.ActiveCfg = Release|Win32
		{AB640544-6FCF-4F87-9024-019BEBE41D22}.Release|x86.Build.0 = Release|Win32
		{31770183-FE02-483E-A9A2-A8075921F828}.Debug|x64.ActiveCfg = Debug|x64
		{31770183-FE02-483E-A9A2-A8075921F828}.Debug|x64.Build.0 = Debug|x64
		{31770183-FE02-483E-A9A2-A8075921F828}.Debug|x86.ActiveCfg = Debug|Win32
		{31770183-FE02-483E-A9A2-A8075921F828}.Debug|x86.Build.0 = Debug|Win32
		{31770183-FE02-483E-A9A2-A8075921F828}.Release|x64.ActiveCfg = Release|x64
		{31770183-FE02-483E-A9A2-A8075921F828}.Release|x64.Build.0 = Release|x64
		{31770183-FE02-483E-A9A2-A8075921F828}.Release|x86.ActiveCfg = Release|Win32
		{31770183-FE02-483E-A9A2-A8075921F828}.Release|x86.Build.0 = Release|Win32
		{7F4DF2E0-A6B0-4611-AFAB-0D04EC9C607F}.Debug|x64.ActiveCfg = Debug|x64
		{7F4DF2E0-A6B0-4611-AFAB-0D04EC9C607F}.Debug|x64.Build.0 = Debug|x64
		{7F4DF2E0-A6B0-4611-AFAB-0D04EC9C607F}.Debug|x86.ActiveCfg = Debug|Win32
		{7F4DF2E0-A6B0-4611-AFAB-0D04EC9C607F}.Debug|x86.Build.0 = Debug|Win32
		{7F4DF2E0-A6B0-4611-AFAB-0D04EC9C607F}.Release|x64.ActiveCfg = Release|x64
		{7F4DF2E0-A6B0-4611-AFAB-0D04EC9C607F}.Release|x64.Build.0 = Release|x64
		{7F4DF2E0-A6B0-4611-AFAB-0D04EC9C607F}.Release|x86.ActiveCfg = Release|Win32
		{7F4DF2E0-A6B0-4611-AFAB-0D04EC9C607F}.Release|x86.Build.0 = Release|Win32
		{71040A20-16D6-4E39-96D2-2029EC70FB6C}.Debug|x64.ActiveCfg = Debug|x64
		{71040A20-16D6-4E39-96D2-2029EC70FB6C}.Debug|x64.Build.0 = Debug|x64
		{71040A20-16D6-4E39-96D2-2029EC70FB6C}.Debug|x86.ActiveCfg = Debug|Win32
		{71040A20-16D6-4E39-96D2-2029EC70FB6C}.Debug|x86.Build.0 = Debug|Win32
		{71040A20-16D6-4E39-96D2-2029EC70FB6C}.Release|x64.ActiveCfg = Release|x64
		{71040A20-16D6-4E39-96D2-2029EC70FB6C}.Release|x64.Build.0 = Release|x64
		{71040A20-16D6-4E39-96D2-2029EC70FB6C}.Release|x86.ActiveCfg = Release|Win32
		{71040A20-16D6-4E39-96D2-2029EC70FB6C}.Release|x86.Build.0 = Release|Win32
		{2F26370A-2D00-4449-AF69-C0C993AAA4CF}.Debug|x64.ActiveCfg = Debug|x64
		{2F26370A-2D00-4449-AF69-C0C993AAA4CF}.Debug|x64.Build.0 = Debug|x64
		{2F26370A-2D00-4449-AF69-C0C993AAA4CF}.Debug|x86.ActiveCfg = Debug|Win32
		{2F26370A-2D00-4449-AF69-C0C993AAA4CF}.Debug|x86.Build.0 = Debug|Win32
		{2F26370A-2D00-4449-AF69-C0C993AAA4CF}.Release|x64.ActiveCfg = Release|x64
		{2F26370A-2D00-4449-AF69-C0C993AAA4CF}.Release|x64.Build.0 = Release|x64
		{2F26370A-2D00-4449-AF69-C0C993AAA4CF}.Release|x86.ActiveCfg = Release|Win32
		{2F26370A-2D00-4449-AF69-C0C993AAA4CF}.Release|x86.Build.0 = Release|Win32
		{1B11DAB1-5467-45D4-AC25-A7A5A976CF9C}.Debug|x64.ActiveCfg = Debug|x64
		{1B11DAB1-5467-45D4-AC25-A7A5A976CF9C}.Debug|x64.Build.0 = Debug|x64
		{1B11DAB1-5467-45D4-AC25-A7A5A976CF9C}.Debug|x86.ActiveCfg = Debug|Win32
		{1B11DAB1-5467-45D4-AC25-A7A5A976CF9C}.Debug|x86.Build.0 = Debug|Win32
		{1B11DAB1-5467-45D4-AC25-A7A5A976CF9C}.Release|x64.ActiveCfg = Release|x64
		{1B11DAB1-5467-45D4-AC25-A7A5A976CF9C}.Release|x64.Build.0 = Release|x64
		{1B11DAB1-5467-45D4-AC25-A7A5A976CF9C}.Release|x86.ActiveCfg = Release|Win32
		{1B11DAB1-5467-45D4-AC25-A7A5A976CF9C}.Release|x86.Build.0 = Release|Win32
		{F226B81D-21CA-43F5-9BA9-4682F080CCBC}.Debug|x64.ActiveCfg = Debug|x64
		{F226B81D-21CA-43F5-9BA9-4682F080CCBC}.Debug|x64.Build.0 = Debug|x64
		{F226B81D-21CA-43F5-9BA9-4682F080CCBC}.Debug|x86.ActiveCfg = Debug|Win32
		{F226B81D-21CA-43F5-9BA9-4682F080CCBC}.Debug|x86.Build.0 = Debug|Win32
		{F226B81D-21CA-43F5-9BA9-4682F080CCBC}.Release|x64.ActiveCfg = Release|x64
		{F226B81D-21CA-43F5-9BA9-4682F080CCBC}.Release|x64.Build.0 = Release|x64
		{F226B81D-21CA-43F5-9BA9-4682F080CCBC}.Release|x86.ActiveCfg = Release|Win32
		{F226B81D-21CA-43F5-9BA9-4682F080CCBC}.Release|x86.Build.0 = Release|Win32
		{B7F8CBD9-918B-4CD3-AB31-D2423D6C045A}.Debug|x64.ActiveCfg = Debug|x64
		{B7F8CBD9-918B-4CD3-AB31-D2423D6C045A}.Debug|x64.Build.0 = Debug|x64
		{B7F8CBD9-918B-4CD3-AB31-D2423D6C045A}.Debug|x86.ActiveCfg = Debug|Win32
		{B7F8CBD9-918B-4CD3-AB31-D2423D6C045A}.Debug|x86.Build.0 = Debug|Win32
		{B7F8CBD9-918B-4CD3-AB31-D2423D6C045A}.Release|x64.ActiveCfg = Release|x64
		{B7F8CBD9-918B-4CD3-AB31-D2423D6C045A}.Release|x64.Build.0 = Release|x64
		{B7F8CBD9-918B-4CD3-AB31-D2423D6C045A}.Release|x86.ActiveCfg = Release|Win32
		{B7F8CBD9-918B-4CD3-AB31-D2423D6C045A}.Release|x86.Build.0 = Release|Win32
		{40F7BC8B-B650-4AC6-9EC2-B7502106F4CE}.Debug|x64.ActiveCfg = Debug|x64
		{40F7BC8B-B650-4AC6-9EC2-B7502106F4CE}.Debug|x64.Build.0 = Debug|x64
		{40F7BC8B-B650-4AC6-9EC2-B7502106F4CE}.Debug|x86.ActiveCfg = Debug|Win32
		{40F7BC8B-B650-4AC6-9EC2-B7502106F4CE}.Debug|x86.Build.0 = Debug|Win32
		{40F7BC8B-B650-4AC6-9EC2-B7502106F4CE}.Release|x64.ActiveCfg = Release|x64
		{40F7BC8B-B650-4AC6-9EC2-B7502106F4CE}.Release|x64.Build.0 = Release|x64
		{40F7BC8B-B650-4AC6-9EC2-B7502106F4CE}.Release|x86.ActiveCfg = Release|Win32
		{40F7BC8B-B650-4AC6-9EC2-B7502106F4CE}.Release|x86.Build.0 = Release|Win32
		{94F0C560-BBBC-40AD-B5FE-394E2B52D386}.Debug|x64.ActiveCfg = Debug|x64
		{94F0C560-BBBC-40AD-B5FE-394E2B52D386}.Debug|x64.Build.0 = Debug|x64
		{94F0C560-BBBC-40AD-B5FE-394E2B52D386}.Debug|x86.ActiveCfg = Debug|Win32
		{94F0C560-BBBC-40AD-B5FE-394E2B52D386}.Debug|x86.Build.0 = Debug|Win32
		{94F0C560-BBBC-40AD-B5FE-394E2B52D386}.Release|x64.ActiveCfg = Release|x64
		{94F0C560-BBBC-40AD-B5FE-394E2B52D386}.Release|x64.Build.0 = Release|x64
		{94F0C560-BBBC-40AD-B5FE-394E2B52D386}.Release|x86.ActiveCfg = Release|Win32
		{94F0C560-BBBC-40AD-B5FE-394E2B52D386}.Release|x86.Build.0 = Release|Win32
		{0593B755-5D03-4F23-AB89-204BE403A936}.Debug|x64.ActiveCfg = Debug|x64
		{0593B755-5D03-4F23-AB89-204BE403A936}.Debug|x64.Build.0 = Debug|x64
		{0593B755-5D03-4F23-AB89-204BE403A936}.Debug|x86.ActiveCfg = Debug|Win32
		{0593B755-5D03-4F23-AB89-204BE403A936}.Debug|x86.Build.0 = Debug|Win32
		{0593B755-5D03-4F23-AB89-204BE403A936}.Release|x64.ActiveCfg = Release|x64
		{0593B755-5D03-4F23-AB89-204BE403A936}.Release|x64.Build.0 = Release|x64
		{0593B755-5D03-4F23-AB89-204BE403A936}.Release|x86.ActiveCfg = Release|Win32
		{0593B755-5D03-4F23-AB89-204BE403A936}.Release|x86.Build.0 = Release|Win32
		{112050CD-E664-4513-B770-05E880E98CAC}.Debug|x64.ActiveCfg = Debug|x64
		{112050CD-E664-4513-B770-05E880E98CAC}.Debug|x64.Build.0 = Debug|x64
		{112050CD-E664-4513-B770-05E880E98CAC}.Debug|x86.ActiveCfg = Debug|Win32
		{112050CD-E664-4513-B770-05E880E98CAC}.Debug|x86.Build.0 = Debug|Win32
		{112050CD-E664-4513-B770-05E880E98CAC}.Release|x64.ActiveCfg = Release|x64
		{112050CD-E664-4513-B770-05E880E98CAC}.Release|x64.Build.0 = Release|x64
		{112050CD-E664-4513-B770-05E880E98CAC}.Release|x86.ActiveCfg = Release|Win32
		{112050CD-E664-4513-B770-05E880E98CAC}.Release|x86.Build.0 = Release|Win32
		{0C87A468-A6C8-4214-A54F-E3CAE5D90E2D}.Debug|x64.ActiveCfg = Debug|x64
		{0C87A468-A6C8-4214-A54F-E3CAE5D90E2D}.Debug|x64.Build.0 = Debug|x64
		{0C87A468-A6C8-4214-A54F-E3CAE5D90E2D}.Debug|x86.ActiveCfg = Debug|Win32
		{0C87A468-A6C8-4214-A54F-E3CAE5D90E2D}.Debug|x86.Build.0 = Debug|Win32
		{0C87A468-A6C8-4214-A54F-E3CAE5D90E2D}.Release|x64.ActiveCfg = Release|x64
		{0C87A468-A6C8-4214-A54F-E3CAE5D90E2D}.Release|x64.Build.0 = Release|x64
		{0C87A468-A6C8-4214-A54F-E3CAE5D90E2D}.Release|x86.ActiveCfg = Release|Win32
		{0C87A468-A6C8-4214-A54F-E3CAE5D90E2D}.Release|x86.Build.0 = Release|Win32
		{86321A4E-7346-4C8B-A953-585636BBBAAF}.Debug|x64.ActiveCfg = Debug|x64
		{86321A4E-7346-4C8B-A953-585636BBBAAF}.Debug|x64.Build.0 = Debug|x64
		{86321A4E-7346-4C8B-A953-585636BBBAAF}.Debug|x86.ActiveCfg = Debug|Win32
		{86321A4E-7346-4C8B-A953-585636BBBAAF}.Debug|x86.Build.0 = Debug|Win32
		{86321A4E-7346-4C8B-A953-585636BBBAAF}.Release|x64.ActiveCfg = Release|x64
		{86321A4E-7346-4C8B-A953-585636BBBAAF}.Release|x64.Build.0 = Release|x64
		{86321A4E-7346-4C8B-A953-585636BBBAAF}.Release|x86.ActiveCfg = Release|Win32
		{86321A4E-7346-4C8B-A953-585636BBBAAF}.Release|x86.Build.0 = Release|Win32
		{D3994479-14AC-4660-8A4C-BC06A27E20F4}.Debug|x64.ActiveCfg = Debug|x64
		{D3994479-14AC-4660-8A4C-BC06A27E20F4}.Debug|x64.Build.0 = Debug|x64
		{D3994479-14AC-4660-8A4C-BC06A27E20F4}.Debug|x86.ActiveCfg = Debug|Win32
		{D3994479-14AC-4660-8A4C-BC06A27E20F4}.Debug|x86.Build.0 = Debug|Win32
		{D3994479-14AC-4660-8A4C-BC06A27E20F4}.Release|x64.ActiveCfg = Release|x64
		{D3994479-14AC-4660-8A4C-BC06A27E20F4}.Release|x64.Build.0 = Release|x64
		{D3994479-14AC-4660-8A4C-BC06A27E20F4}.Release|x86.ActiveCfg = Release|Win32
		{D3994479-14AC-4660-8A4C-BC06A27E20F4}.Release|x86.Build.0 = Release|Win32
		{40A77A94-01A6-4CDC-89F9-D71C667F1CB6}.Debug|x64.ActiveCfg = Debug|x64
		{40A77A94-01A6-4CDC-89F9-D71C667F1CB6}.Debug|x64.Build.0 = Debug|x64
		{40A77A94-01A6-4CDC-89F9-D71C667F1CB6}.Debug|x86.ActiveCfg = Debug|Win32
		{40A77A94-01A6-4CDC-89F9-D71C667F1CB6}.Debug|x86.Build.0 = Debug|Win32
		{40A77A94-01A6-4CDC-89F9-D71C667F1CB6}.Release|x64.ActiveCfg = Release|x64
		{40A77A94-01A6-4CDC-89F9-D71C667F1CB6}.Release|x64.Build.0 = Release|x64
		{40A77A94-01A6-4CDC-89F9-D71C667F1CB6}.Release|x86.ActiveCfg = Release|Win32
		{40A77A94-01A6-4CDC-89F9-D71C667F1CB6}.Release|x86.Build.0 = Release|Win32
		{86D7CDC5-95B7-4ECE-8808-30F16D75A83B}.Debug|x64.ActiveCfg = Debug|x64
		{86D7CDC5-95B7-4ECE-8808-30F16D75A83B}.Debug|x64.Build.0 = Debug|x64
		{86D7CDC5-95B7-4ECE-8808-30F16D75A83B}.Debug|x86.ActiveCfg = Debug|Win32
		{86D7CDC5-95B7-4ECE-8808-30F16D75A83B}.Debug|x86.Build.0 = Debug|Win32
		{86D7CDC5-95B7-4ECE-8808-30F16D75A83B}.Release|x64.ActiveCfg = Release|x64
		{86D7CDC5-95B7-4ECE-8808-30F16D75A83B}.Release|x64.Build.0 = Release|x64
		{86D7CDC5-95B7-4ECE-8808-30F16D75A83B}.Release|x86.ActiveCfg = Release|Win32
		{86D7CDC5-95B7-4ECE-8808-30F16D75A83B}.Release|x86.Build.0 = Release|Win32
		{CBC1FBD0-C0AF-41ED-A34A-0721992B8AA4}.Debug|x64.ActiveCfg = Debug|x64
		{CBC1FBD0-C0AF-41ED-A34A-0721992B8AA4}.Debug|x64.Build.0 = Debug|x64
		{CBC1FBD0-C0AF-41ED-A34A-0721992B8AA4}.Debug|x86.ActiveCfg = Debug|Win32
		{CBC1FBD0-C0AF-41ED-A34A-0721992B8AA4}.Debug|x86.Build.0 = Debug|Win32
		{CBC1FBD0-C0AF-41ED-A34A-0721992B8AA4}.Release|x64.ActiveCfg = Release|x64
		{CBC1FBD0-C0AF-41ED-A34A-0721992B8AA4}.Release|x64.Build.0 = Release|x64
		{CBC1FBD0-C0AF-41ED-A34A-0721992B8AA4}.Release|x86.ActiveCfg = Release|Win32
		{CBC1FBD0-C0AF-41ED-A34A-0721992B8AA4}.Release|x86.Build.0 = Release|Win32
		{CF9EA1E7-DC47-4E3A-9260-C77D3319C1B2}.Debug|x64.ActiveCfg = Debug|x64
		{CF9EA1E7-DC47-4E3A-9260-C77D3319C1B2}.Debug|x64.Build.0 = Debug|x64
		{CF9EA1E7-DC47-4E3A-9260-C77D3319C1B2}.Debug|x86.ActiveCfg = Debug|Win32
		{CF9EA1E7-DC47-4E3A-9260-C77D3319C1B2}.Debug|x86.Build.0 = Debug|Win32
		{CF9EA1E7-DC47-4E3A-9260-C77D3319C1B2}.Release|x64.ActiveCfg = Release|x64
		{CF9EA1E7-DC47-4E3A-9260-C77D3319C1B2}.Release|x64.Build.0 = Release|x64
		{CF9EA1E7-DC47-4E3A-9260-C77D3319C1B2}.Release|x86.ActiveCfg = Release|Win32
		{CF9EA1E7-DC47-4E3A-9260-C77D3319C1B2}.Release|x86.Build.0 = Release|Win32
		{31EEE104-FC97-4CDF-A360-066FFC12934D}.Debug|x64.ActiveCfg = Debug|x64
		{31EEE104-FC97-4CDF-A360-066FFC12934D}.Debug|x64.Build.0 = Debug|x64
		{31EEE104-FC97-4CDF-A360-066FFC12934D}.Debug|x86.ActiveCfg = Debug|Win32
		{31EEE104-FC97-4CDF-A360-066FFC12934D}.Debug|x86.Build.0 = Debug|Win32
		{31EEE104-FC97-4CDF-A360-066FFC12934D}.Release|x64.ActiveCfg = Release|x64
		{31EEE104-FC97-4CDF-A360-066FFC12934D}.Release|x64.Build.0 = Release|x64
		{31EEE104-FC97-4CDF-A360-066FFC12934D}.Release|x86.ActiveCfg = Release|Win32
		{31EEE104-FC97-4CDF-A360-066FFC12934D}.Release|x86.Build.0 = Release|Win32
	EndGlobalSection
	GlobalSection(SolutionProperties) = preSolution
		HideSolutionNode = FALSE
	EndGlobalSection
	GlobalSection(ExtensibilityGlobals) = postSolution
		SolutionGuid = {18806692-55DC-4B2C-B099-90346527982C}
	EndGlobalSection
EndGlobal
